
Microsoft Visual Studio Solution File, Format Version 12.00
# Visual Studio Version 17
VisualStudioVersion = 17.7.34202.233
MinimumVisualStudioVersion = 10.0.40219.1
Project("{FAE04EC0-301F-11D3-BF4B-00C04F79EFBC}") = "Przedszkole", "Przedszkole\Przedszkole.csproj", "{C78F2428-EBF8-4049-A0DE-C74A07705F18}"
EndProject
Global
	GlobalSection(SolutionConfigurationPlatforms) = preSolution
		Debug|Any CPU = Debug|Any CPU
		Release|Any CPU = Release|Any CPU
	EndGlobalSection
	GlobalSection(ProjectConfigurationPlatforms) = postSolution
		{C78F2428-EBF8-4049-A0DE-C74A07705F18}.Debug|Any CPU.ActiveCfg = Debug|Any CPU
		{C78F2428-EBF8-4049-A0DE-C74A07705F18}.Debug|Any CPU.Build.0 = Debug|Any CPU
		{C78F2428-EBF8-4049-A0DE-C74A07705F18}.Release|Any CPU.ActiveCfg = Release|Any CPU
		{C78F2428-EBF8-4049-A0DE-C74A07705F18}.Release|Any CPU.Build.0 = Release|Any CPU
	EndGlobalSection
	GlobalSection(SolutionProperties) = preSolution
		HideSolutionNode = FALSE
	EndGlobalSection
	GlobalSection(ExtensibilityGlobals) = postSolution
		SolutionGuid = {790F3F6D-116A-46F5-821B-87EE43B35F94}
	EndGlobalSection
EndGlobal
